
Microsoft Visual Studio Solution File, Format Version 12.00
# Visual Studio Version 16
VisualStudioVersion = 16.0.30114.105
MinimumVisualStudioVersion = 10.0.40219.1
Project("{FAE04EC0-301F-11D3-BF4B-00C04F79EFBC}") = "SeleniumCSharpNetCore", "SeleniumCSharpNetCore\SeleniumCSharpNetCore.csproj", "{C41FC424-CEA9-46E6-AC90-B502ABFB2907}"
EndProject
Global
	GlobalSection(SolutionConfigurationPlatforms) = preSolution
		Debug|Any CPU = Debug|Any CPU
		Release|Any CPU = Release|Any CPU
	EndGlobalSection
	GlobalSection(ProjectConfigurationPlatforms) = postSolution
		{C41FC424-CEA9-46E6-AC90-B502ABFB2907}.Debug|Any CPU.ActiveCfg = Debug|Any CPU
		{C41FC424-CEA9-46E6-AC90-B502ABFB2907}.Debug|Any CPU.Build.0 = Debug|Any CPU
		{C41FC424-CEA9-46E6-AC90-B502ABFB2907}.Release|Any CPU.ActiveCfg = Release|Any CPU
		{C41FC424-CEA9-46E6-AC90-B502ABFB2907}.Release|Any CPU.Build.0 = Release|Any CPU
	EndGlobalSection
	GlobalSection(SolutionProperties) = preSolution
		HideSolutionNode = FALSE
	EndGlobalSection
	GlobalSection(ExtensibilityGlobals) = postSolution
		SolutionGuid = {58989AF6-BB52-4B5D-9EB8-BE32F9E5C4C6}
	EndGlobalSection
EndGlobal
